
Microsoft Visual Studio Solution File, Format Version 12.00
# Visual Studio 15
VisualStudioVersion = 15.0.28010.2019
MinimumVisualStudioVersion = 10.0.40219.1
Project("{FAE04EC0-301F-11D3-BF4B-00C04F79EFBC}") = "b1ac", "b1ac\b1ac.csproj", "{40C43EB3-8D36-43A5-8D81-16020085DAFC}"
EndProject
Global
	GlobalSection(SolutionConfigurationPlatforms) = preSolution
		Debug|Any CPU = Debug|Any CPU
		Release|Any CPU = Release|Any CPU
	EndGlobalSection
	GlobalSection(ProjectConfigurationPlatforms) = postSolution
		{40C43EB3-8D36-43A5-8D81-16020085DAFC}.Debug|Any CPU.ActiveCfg = Debug|Any CPU
		{40C43EB3-8D36-43A5-8D81-16020085DAFC}.Debug|Any CPU.Build.0 = Debug|Any CPU
		{40C43EB3-8D36-43A5-8D81-16020085DAFC}.Release|Any CPU.ActiveCfg = Release|Any CPU
		{40C43EB3-8D36-43A5-8D81-16020085DAFC}.Release|Any CPU.Build.0 = Release|Any CPU
	EndGlobalSection
	GlobalSection(SolutionProperties) = preSolution
		HideSolutionNode = FALSE
	EndGlobalSection
	GlobalSection(ExtensibilityGlobals) = postSolution
		SolutionGuid = {C4081321-FFCB-408E-9B73-B9F6FAC9C65D}
	EndGlobalSection
EndGlobal
